
Microsoft Visual Studio Solution File, Format Version 11.00
# Visual Studio 2010
Project("{FAE04EC0-301F-11D3-BF4B-00C04F79EFBC}") = "Assembly-CSharp-firstpass", "Assembly-CSharp-firstpass.csproj", "{5a855cd6-9156-20de-7863-d77c056b3257}"
EndProject
Project("{FAE04EC0-301F-11D3-BF4B-00C04F79EFBC}") = "Assembly-CSharp", "Assembly-CSharp.csproj", "{9b657482-fd51-f1df-5e89-d15c4f76d27b}"
EndProject
Project("{FAE04EC0-301F-11D3-BF4B-00C04F79EFBC}") = "Assembly-CSharp-Editor-firstpass", "Assembly-CSharp-Editor-firstpass.csproj", "{aa35c86c-141e-c57e-59b0-6eac664ba278}"
EndProject
Global
	GlobalSection(SolutionConfigurationPlatforms) = preSolution
		Debug|Any CPU = Debug|Any CPU
		Release|Any CPU = Release|Any CPU
	EndGlobalSection
	GlobalSection(ProjectConfigurationPlatforms) = postSolution
		{5a855cd6-9156-20de-7863-d77c056b3257}.Debug|Any CPU.ActiveCfg = Debug|Any CPU
		{5a855cd6-9156-20de-7863-d77c056b3257}.Debug|Any CPU.Build.0 = Debug|Any CPU
		{5a855cd6-9156-20de-7863-d77c056b3257}.Release|Any CPU.ActiveCfg = Release|Any CPU
		{5a855cd6-9156-20de-7863-d77c056b3257}.Release|Any CPU.Build.0 = Release|Any CPU
		{9b657482-fd51-f1df-5e89-d15c4f76d27b}.Debug|Any CPU.ActiveCfg = Debug|Any CPU
		{9b657482-fd51-f1df-5e89-d15c4f76d27b}.Debug|Any CPU.Build.0 = Debug|Any CPU
		{9b657482-fd51-f1df-5e89-d15c4f76d27b}.Release|Any CPU.ActiveCfg = Release|Any CPU
		{9b657482-fd51-f1df-5e89-d15c4f76d27b}.Release|Any CPU.Build.0 = Release|Any CPU
		{aa35c86c-141e-c57e-59b0-6eac664ba278}.Debug|Any CPU.ActiveCfg = Debug|Any CPU
		{aa35c86c-141e-c57e-59b0-6eac664ba278}.Debug|Any CPU.Build.0 = Debug|Any CPU
		{aa35c86c-141e-c57e-59b0-6eac664ba278}.Release|Any CPU.ActiveCfg = Release|Any CPU
		{aa35c86c-141e-c57e-59b0-6eac664ba278}.Release|Any CPU.Build.0 = Release|Any CPU
	EndGlobalSection
	GlobalSection(SolutionProperties) = preSolution
		HideSolutionNode = FALSE
	EndGlobalSection
EndGlobal
